
Microsoft Visual Studio Solution File, Format Version 12.00
# Visual Studio Version 17
VisualStudioVersion = 17.0.31903.59
MinimumVisualStudioVersion = 10.0.40219.1
Project("{2150E333-8FDC-42A3-9474-1A3956D46DE8}") = "src", "src", "{4CFA4C1B-2BFE-4271-9E66-C166436A1C83}"
EndProject
Project("{F2A71F9B-5D33-465A-A702-920D77279786}") = "Fats", "src\Fats\Fats.fsproj", "{EBFEDDFC-EE57-4AD0-9C3C-72AA6AD67A9F}"
EndProject
Project("{F2A71F9B-5D33-465A-A702-920D77279786}") = "Fats.Tests", "src\Fats.Tests\Fats.Tests.fsproj", "{AA676209-F355-410D-82F9-E0BFC7E49741}"
EndProject
Global
	GlobalSection(SolutionProperties) = preSolution
		HideSolutionNode = FALSE
	EndGlobalSection
	GlobalSection(SolutionConfigurationPlatforms) = preSolution
		Debug|Any CPU = Debug|Any CPU
		Debug|x64 = Debug|x64
		Debug|x86 = Debug|x86
		Release|Any CPU = Release|Any CPU
		Release|x64 = Release|x64
		Release|x86 = Release|x86
	EndGlobalSection
	GlobalSection(ProjectConfigurationPlatforms) = postSolution
		{EBFEDDFC-EE57-4AD0-9C3C-72AA6AD67A9F}.Debug|Any CPU.ActiveCfg = Debug|Any CPU
		{EBFEDDFC-EE57-4AD0-9C3C-72AA6AD67A9F}.Debug|Any CPU.Build.0 = Debug|Any CPU
		{EBFEDDFC-EE57-4AD0-9C3C-72AA6AD67A9F}.Debug|x64.ActiveCfg = Debug|Any CPU
		{EBFEDDFC-EE57-4AD0-9C3C-72AA6AD67A9F}.Debug|x64.Build.0 = Debug|Any CPU
		{EBFEDDFC-EE57-4AD0-9C3C-72AA6AD67A9F}.Debug|x86.ActiveCfg = Debug|Any CPU
		{EBFEDDFC-EE57-4AD0-9C3C-72AA6AD67A9F}.Debug|x86.Build.0 = Debug|Any CPU
		{EBFEDDFC-EE57-4AD0-9C3C-72AA6AD67A9F}.Release|Any CPU.ActiveCfg = Release|Any CPU
		{EBFEDDFC-EE57-4AD0-9C3C-72AA6AD67A9F}.Release|Any CPU.Build.0 = Release|Any CPU
		{EBFEDDFC-EE57-4AD0-9C3C-72AA6AD67A9F}.Release|x64.ActiveCfg = Release|Any CPU
		{EBFEDDFC-EE57-4AD0-9C3C-72AA6AD67A9F}.Release|x64.Build.0 = Release|Any CPU
		{EBFEDDFC-EE57-4AD0-9C3C-72AA6AD67A9F}.Release|x86.ActiveCfg = Release|Any CPU
		{EBFEDDFC-EE57-4AD0-9C3C-72AA6AD67A9F}.Release|x86.Build.0 = Release|Any CPU
		{AA676209-F355-410D-82F9-E0BFC7E49741}.Debug|Any CPU.ActiveCfg = Debug|Any CPU
		{AA676209-F355-410D-82F9-E0BFC7E49741}.Debug|Any CPU.Build.0 = Debug|Any CPU
		{AA676209-F355-410D-82F9-E0BFC7E49741}.Debug|x64.ActiveCfg = Debug|Any CPU
		{AA676209-F355-410D-82F9-E0BFC7E49741}.Debug|x64.Build.0 = Debug|Any CPU
		{AA676209-F355-410D-82F9-E0BFC7E49741}.Debug|x86.ActiveCfg = Debug|Any CPU
		{AA676209-F355-410D-82F9-E0BFC7E49741}.Debug|x86.Build.0 = Debug|Any CPU
		{AA676209-F355-410D-82F9-E0BFC7E49741}.Release|Any CPU.ActiveCfg = Release|Any CPU
		{AA676209-F355-410D-82F9-E0BFC7E49741}.Release|Any CPU.Build.0 = Release|Any CPU
		{AA676209-F355-410D-82F9-E0BFC7E49741}.Release|x64.ActiveCfg = Release|Any CPU
		{AA676209-F355-410D-82F9-E0BFC7E49741}.Release|x64.Build.0 = Release|Any CPU
		{AA676209-F355-410D-82F9-E0BFC7E49741}.Release|x86.ActiveCfg = Release|Any CPU
		{AA676209-F355-410D-82F9-E0BFC7E49741}.Release|x86.Build.0 = Release|Any CPU
	EndGlobalSection
	GlobalSection(NestedProjects) = preSolution
		{EBFEDDFC-EE57-4AD0-9C3C-72AA6AD67A9F} = {4CFA4C1B-2BFE-4271-9E66-C166436A1C83}
		{AA676209-F355-410D-82F9-E0BFC7E49741} = {4CFA4C1B-2BFE-4271-9E66-C166436A1C83}
	EndGlobalSection
EndGlobal
